
Microsoft Visual Studio Solution File, Format Version 12.00
# Visual Studio 15
VisualStudioVersion = 15.0.27110.0
MinimumVisualStudioVersion = 10.0.40219.1
Project("{9A19103F-16F7-4668-BE54-9A1E7A4F7556}") = "mybot", "mybot\mybot.csproj", "{1B06415C-2076-4FB4-98B0-210264BF3494}"
EndProject
Project("{2150E333-8FDC-42A3-9474-1A3956D46DE8}") = "BotBuilder", "BotBuilder", "{7000D65C-9AB0-435A-884C-8832C7CE3954}"
EndProject
Project("{9A19103F-16F7-4668-BE54-9A1E7A4F7556}") = "Microsoft.Bot.Connector.NetCore", "..\BotBuilder\Microsoft.Bot.Connector.NetCore\Microsoft.Bot.Connector.NetCore.csproj", "{371E5A40-7693-4127-A1E8-E2A028D22E05}"
EndProject
Project("{D954291E-2A0B-460D-934E-DC6B0785DB48}") = "Microsoft.Bot.Connector.Shared", "..\BotBuilder\Microsoft.Bot.Connector.Shared\Microsoft.Bot.Connector.Shared.shproj", "{133E6973-CF90-4691-8685-D42D79C8884B}"
EndProject
Project("{9A19103F-16F7-4668-BE54-9A1E7A4F7556}") = "Microsoft.Bot.Connector.AspNetCore2", "..\BotBuilder\Microsoft.Bot.Connector.AspNetCore2\Microsoft.Bot.Connector.AspNetCore2.csproj", "{384A3676-0879-4551-8EDB-290B520C145B}"
EndProject
Global
	GlobalSection(SharedMSBuildProjectFiles) = preSolution
		..\BotBuilder\Microsoft.Bot.Connector.Shared\Microsoft.Bot.Connector.Shared.projitems*{133e6973-cf90-4691-8685-d42d79c8884b}*SharedItemsImports = 13
	EndGlobalSection
	GlobalSection(SolutionConfigurationPlatforms) = preSolution
		Debug|Any CPU = Debug|Any CPU
		Release|Any CPU = Release|Any CPU
	EndGlobalSection
	GlobalSection(ProjectConfigurationPlatforms) = postSolution
		{1B06415C-2076-4FB4-98B0-210264BF3494}.Debug|Any CPU.ActiveCfg = Debug|Any CPU
		{1B06415C-2076-4FB4-98B0-210264BF3494}.Debug|Any CPU.Build.0 = Debug|Any CPU
		{1B06415C-2076-4FB4-98B0-210264BF3494}.Release|Any CPU.ActiveCfg = Release|Any CPU
		{1B06415C-2076-4FB4-98B0-210264BF3494}.Release|Any CPU.Build.0 = Release|Any CPU
		{371E5A40-7693-4127-A1E8-E2A028D22E05}.Debug|Any CPU.ActiveCfg = Debug|Any CPU
		{371E5A40-7693-4127-A1E8-E2A028D22E05}.Debug|Any CPU.Build.0 = Debug|Any CPU
		{371E5A40-7693-4127-A1E8-E2A028D22E05}.Release|Any CPU.ActiveCfg = Release|Any CPU
		{371E5A40-7693-4127-A1E8-E2A028D22E05}.Release|Any CPU.Build.0 = Release|Any CPU
		{384A3676-0879-4551-8EDB-290B520C145B}.Debug|Any CPU.ActiveCfg = Debug|Any CPU
		{384A3676-0879-4551-8EDB-290B520C145B}.Debug|Any CPU.Build.0 = Debug|Any CPU
		{384A3676-0879-4551-8EDB-290B520C145B}.Release|Any CPU.ActiveCfg = Release|Any CPU
		{384A3676-0879-4551-8EDB-290B520C145B}.Release|Any CPU.Build.0 = Release|Any CPU
	EndGlobalSection
	GlobalSection(SolutionProperties) = preSolution
		HideSolutionNode = FALSE
	EndGlobalSection
	GlobalSection(NestedProjects) = preSolution
		{371E5A40-7693-4127-A1E8-E2A028D22E05} = {7000D65C-9AB0-435A-884C-8832C7CE3954}
		{133E6973-CF90-4691-8685-D42D79C8884B} = {7000D65C-9AB0-435A-884C-8832C7CE3954}
		{384A3676-0879-4551-8EDB-290B520C145B} = {7000D65C-9AB0-435A-884C-8832C7CE3954}
	EndGlobalSection
	GlobalSection(ExtensibilityGlobals) = postSolution
		SolutionGuid = {34C2BA2D-6F0A-4C7A-89B6-4F1C25E1AEA3}
	EndGlobalSection
EndGlobal
